
Microsoft Visual Studio Solution File, Format Version 12.00
# Visual Studio Version 17
VisualStudioVersion = 17.1.32328.378
MinimumVisualStudioVersion = 10.0.40219.1
Project("{9A19103F-16F7-4668-BE54-9A1E7A4F7556}") = "TalentLand.Trivia.API", "src\TalentLand.Trivia.API\TalentLand.Trivia.API.csproj", "{41F22803-EE1F-494C-B59A-90D931AFE5FE}"
EndProject
Project("{9A19103F-16F7-4668-BE54-9A1E7A4F7556}") = "TalentLand.Trivia.Application", "src\TalentLand.Trivia.Application\TalentLand.Trivia.Application.csproj", "{9B463D57-B8A2-43B7-B5F1-DE2922DD5322}"
EndProject
Project("{00D1A9C2-B5F0-4AF3-8072-F6C62B433612}") = "TalentLand.Trivia.Database", "src\TalentLand.Trivia.Database\TalentLand.Trivia.Database.sqlproj", "{DCF23254-250D-448F-A1E7-94C312AB73CB}"
EndProject
Project("{2150E333-8FDC-42A3-9474-1A3956D46DE8}") = "src", "src", "{CC7416D5-071C-459E-B003-46072D0983FE}"
EndProject
Project("{9A19103F-16F7-4668-BE54-9A1E7A4F7556}") = "TalentLand.Trivia.Domain", "src\TalentLand.Trivia.Domain\TalentLand.Trivia.Domain.csproj", "{EC043155-9099-49D7-8C7A-FE5702ABFD3E}"
EndProject
Project("{9A19103F-16F7-4668-BE54-9A1E7A4F7556}") = "TalentLand.Trivia.Function", "src\TalentLand.Trivia.Function\TalentLand.Trivia.Function.csproj", "{9F9EC5F7-F486-4501-BDA8-62BE95BDF563}"
EndProject
Project("{9A19103F-16F7-4668-BE54-9A1E7A4F7556}") = "TalentLand.Trivia.Infra.Persistence", "src\TalentLand.Trivia.Infra.Persistence\TalentLand.Trivia.Infra.Persistence.csproj", "{6F4ED655-F4F7-49F7-84C1-751C1D908FA1}"
EndProject
Project("{2150E333-8FDC-42A3-9474-1A3956D46DE8}") = "test", "test", "{89ABB729-5AC6-4818-AB7F-68B0863B20B7}"
EndProject
Project("{9A19103F-16F7-4668-BE54-9A1E7A4F7556}") = "TalentLand.Trivia.UnitTesting", "test\TalentLand.Trivia.UnitTesting\TalentLand.Trivia.UnitTesting.csproj", "{2F9B8699-9C5E-42A5-883E-87044AD24D47}"
EndProject
Project("{2150E333-8FDC-42A3-9474-1A3956D46DE8}") = "Api", "Api", "{7DCD2FF2-A11F-4DC8-A4DB-9AEBD21484EA}"
EndProject
Project("{2150E333-8FDC-42A3-9474-1A3956D46DE8}") = "Core", "Core", "{34601133-E68A-4D4E-9949-3B6613B74173}"
EndProject
Project("{2150E333-8FDC-42A3-9474-1A3956D46DE8}") = "Infrastructure", "Infrastructure", "{959D76D2-F0B2-4764-A29B-3FEBCA9448E9}"
EndProject
Project("{2150E333-8FDC-42A3-9474-1A3956D46DE8}") = "Database", "Database", "{95CB2D34-3FE2-40EA-92BE-448925F1E408}"
EndProject
Project("{2150E333-8FDC-42A3-9474-1A3956D46DE8}") = "Function", "Function", "{A56BD3F6-45CC-4F60-BD74-7FA227AC02C8}"
EndProject
Project("{9A19103F-16F7-4668-BE54-9A1E7A4F7556}") = "TalentLand.Trivia.Infra.Shared", "src\TalentLand.Trivia.Infra.Shared\TalentLand.Trivia.Infra.Shared.csproj", "{53AC9B5B-4FE3-4C22-81E7-B231CB01C99D}"
EndProject
Global
	GlobalSection(SolutionConfigurationPlatforms) = preSolution
		Debug|Any CPU = Debug|Any CPU
		Release|Any CPU = Release|Any CPU
	EndGlobalSection
	GlobalSection(ProjectConfigurationPlatforms) = postSolution
		{41F22803-EE1F-494C-B59A-90D931AFE5FE}.Debug|Any CPU.ActiveCfg = Debug|Any CPU
		{41F22803-EE1F-494C-B59A-90D931AFE5FE}.Debug|Any CPU.Build.0 = Debug|Any CPU
		{41F22803-EE1F-494C-B59A-90D931AFE5FE}.Release|Any CPU.ActiveCfg = Release|Any CPU
		{41F22803-EE1F-494C-B59A-90D931AFE5FE}.Release|Any CPU.Build.0 = Release|Any CPU
		{9B463D57-B8A2-43B7-B5F1-DE2922DD5322}.Debug|Any CPU.ActiveCfg = Debug|Any CPU
		{9B463D57-B8A2-43B7-B5F1-DE2922DD5322}.Debug|Any CPU.Build.0 = Debug|Any CPU
		{9B463D57-B8A2-43B7-B5F1-DE2922DD5322}.Release|Any CPU.ActiveCfg = Release|Any CPU
		{9B463D57-B8A2-43B7-B5F1-DE2922DD5322}.Release|Any CPU.Build.0 = Release|Any CPU
		{DCF23254-250D-448F-A1E7-94C312AB73CB}.Debug|Any CPU.ActiveCfg = Debug|Any CPU
		{DCF23254-250D-448F-A1E7-94C312AB73CB}.Debug|Any CPU.Build.0 = Debug|Any CPU
		{DCF23254-250D-448F-A1E7-94C312AB73CB}.Debug|Any CPU.Deploy.0 = Debug|Any CPU
		{DCF23254-250D-448F-A1E7-94C312AB73CB}.Release|Any CPU.ActiveCfg = Release|Any CPU
		{DCF23254-250D-448F-A1E7-94C312AB73CB}.Release|Any CPU.Build.0 = Release|Any CPU
		{DCF23254-250D-448F-A1E7-94C312AB73CB}.Release|Any CPU.Deploy.0 = Release|Any CPU
		{EC043155-9099-49D7-8C7A-FE5702ABFD3E}.Debug|Any CPU.ActiveCfg = Debug|Any CPU
		{EC043155-9099-49D7-8C7A-FE5702ABFD3E}.Debug|Any CPU.Build.0 = Debug|Any CPU
		{EC043155-9099-49D7-8C7A-FE5702ABFD3E}.Release|Any CPU.ActiveCfg = Release|Any CPU
		{EC043155-9099-49D7-8C7A-FE5702ABFD3E}.Release|Any CPU.Build.0 = Release|Any CPU
		{9F9EC5F7-F486-4501-BDA8-62BE95BDF563}.Debug|Any CPU.ActiveCfg = Debug|Any CPU
		{9F9EC5F7-F486-4501-BDA8-62BE95BDF563}.Debug|Any CPU.Build.0 = Debug|Any CPU
		{9F9EC5F7-F486-4501-BDA8-62BE95BDF563}.Release|Any CPU.ActiveCfg = Release|Any CPU
		{9F9EC5F7-F486-4501-BDA8-62BE95BDF563}.Release|Any CPU.Build.0 = Release|Any CPU
		{6F4ED655-F4F7-49F7-84C1-751C1D908FA1}.Debug|Any CPU.ActiveCfg = Debug|Any CPU
		{6F4ED655-F4F7-49F7-84C1-751C1D908FA1}.Debug|Any CPU.Build.0 = Debug|Any CPU
		{6F4ED655-F4F7-49F7-84C1-751C1D908FA1}.Release|Any CPU.ActiveCfg = Release|Any CPU
		{6F4ED655-F4F7-49F7-84C1-751C1D908FA1}.Release|Any CPU.Build.0 = Release|Any CPU
		{2F9B8699-9C5E-42A5-883E-87044AD24D47}.Debug|Any CPU.ActiveCfg = Debug|Any CPU
		{2F9B8699-9C5E-42A5-883E-87044AD24D47}.Debug|Any CPU.Build.0 = Debug|Any CPU
		{2F9B8699-9C5E-42A5-883E-87044AD24D47}.Release|Any CPU.ActiveCfg = Release|Any CPU
		{2F9B8699-9C5E-42A5-883E-87044AD24D47}.Release|Any CPU.Build.0 = Release|Any CPU
		{53AC9B5B-4FE3-4C22-81E7-B231CB01C99D}.Debug|Any CPU.ActiveCfg = Debug|Any CPU
		{53AC9B5B-4FE3-4C22-81E7-B231CB01C99D}.Debug|Any CPU.Build.0 = Debug|Any CPU
		{53AC9B5B-4FE3-4C22-81E7-B231CB01C99D}.Release|Any CPU.ActiveCfg = Release|Any CPU
		{53AC9B5B-4FE3-4C22-81E7-B231CB01C99D}.Release|Any CPU.Build.0 = Release|Any CPU
	EndGlobalSection
	GlobalSection(SolutionProperties) = preSolution
		HideSolutionNode = FALSE
	EndGlobalSection
	GlobalSection(NestedProjects) = preSolution
		{41F22803-EE1F-494C-B59A-90D931AFE5FE} = {7DCD2FF2-A11F-4DC8-A4DB-9AEBD21484EA}
		{9B463D57-B8A2-43B7-B5F1-DE2922DD5322} = {34601133-E68A-4D4E-9949-3B6613B74173}
		{DCF23254-250D-448F-A1E7-94C312AB73CB} = {95CB2D34-3FE2-40EA-92BE-448925F1E408}
		{EC043155-9099-49D7-8C7A-FE5702ABFD3E} = {34601133-E68A-4D4E-9949-3B6613B74173}
		{9F9EC5F7-F486-4501-BDA8-62BE95BDF563} = {A56BD3F6-45CC-4F60-BD74-7FA227AC02C8}
		{6F4ED655-F4F7-49F7-84C1-751C1D908FA1} = {959D76D2-F0B2-4764-A29B-3FEBCA9448E9}
		{2F9B8699-9C5E-42A5-883E-87044AD24D47} = {89ABB729-5AC6-4818-AB7F-68B0863B20B7}
		{7DCD2FF2-A11F-4DC8-A4DB-9AEBD21484EA} = {CC7416D5-071C-459E-B003-46072D0983FE}
		{34601133-E68A-4D4E-9949-3B6613B74173} = {CC7416D5-071C-459E-B003-46072D0983FE}
		{959D76D2-F0B2-4764-A29B-3FEBCA9448E9} = {CC7416D5-071C-459E-B003-46072D0983FE}
		{95CB2D34-3FE2-40EA-92BE-448925F1E408} = {CC7416D5-071C-459E-B003-46072D0983FE}
		{A56BD3F6-45CC-4F60-BD74-7FA227AC02C8} = {CC7416D5-071C-459E-B003-46072D0983FE}
		{53AC9B5B-4FE3-4C22-81E7-B231CB01C99D} = {959D76D2-F0B2-4764-A29B-3FEBCA9448E9}
	EndGlobalSection
	GlobalSection(ExtensibilityGlobals) = postSolution
		SolutionGuid = {8C722681-59A7-40BF-AEFE-FEE44012E501}
	EndGlobalSection
EndGlobal
